
Microsoft Visual Studio Solution File, Format Version 12.00
# Visual Studio Version 17
VisualStudioVersion = 17.1.32228.430
MinimumVisualStudioVersion = 10.0.40219.1
Project("{9A19103F-16F7-4668-BE54-9A1E7A4F7556}") = "tensorflow-serving-client", "tensorflow-serving-client\tensorflow-serving-client.csproj", "{5B2B4192-8E6F-478F-A728-B902F8155205}"
EndProject
Project("{9A19103F-16F7-4668-BE54-9A1E7A4F7556}") = "Protobuf", "Protobuf\Protobuf.csproj", "{2B50F49E-5BEB-49FA-867A-DB868EC9CA8A}"
EndProject
Project("{FAE04EC0-301F-11D3-BF4B-00C04F79EFBC}") = "TensorFlow.Utils", "TensorFlow.Utils\TensorFlow.Utils.csproj", "{CF40F1DB-F895-4FCB-8D64-E9E9104B4A86}"
EndProject
Global
	GlobalSection(SolutionConfigurationPlatforms) = preSolution
		Debug|Any CPU = Debug|Any CPU
		Debug|x64 = Debug|x64
		Release|Any CPU = Release|Any CPU
		Release|x64 = Release|x64
	EndGlobalSection
	GlobalSection(ProjectConfigurationPlatforms) = postSolution
		{5B2B4192-8E6F-478F-A728-B902F8155205}.Debug|Any CPU.ActiveCfg = Debug|Any CPU
		{5B2B4192-8E6F-478F-A728-B902F8155205}.Debug|Any CPU.Build.0 = Debug|Any CPU
		{5B2B4192-8E6F-478F-A728-B902F8155205}.Debug|x64.ActiveCfg = Debug|x64
		{5B2B4192-8E6F-478F-A728-B902F8155205}.Debug|x64.Build.0 = Debug|x64
		{5B2B4192-8E6F-478F-A728-B902F8155205}.Release|Any CPU.ActiveCfg = Release|Any CPU
		{5B2B4192-8E6F-478F-A728-B902F8155205}.Release|Any CPU.Build.0 = Release|Any CPU
		{5B2B4192-8E6F-478F-A728-B902F8155205}.Release|x64.ActiveCfg = Release|x64
		{5B2B4192-8E6F-478F-A728-B902F8155205}.Release|x64.Build.0 = Release|x64
		{2B50F49E-5BEB-49FA-867A-DB868EC9CA8A}.Debug|Any CPU.ActiveCfg = Debug|Any CPU
		{2B50F49E-5BEB-49FA-867A-DB868EC9CA8A}.Debug|Any CPU.Build.0 = Debug|Any CPU
		{2B50F49E-5BEB-49FA-867A-DB868EC9CA8A}.Debug|x64.ActiveCfg = Debug|x64
		{2B50F49E-5BEB-49FA-867A-DB868EC9CA8A}.Debug|x64.Build.0 = Debug|x64
		{2B50F49E-5BEB-49FA-867A-DB868EC9CA8A}.Release|Any CPU.ActiveCfg = Release|Any CPU
		{2B50F49E-5BEB-49FA-867A-DB868EC9CA8A}.Release|Any CPU.Build.0 = Release|Any CPU
		{2B50F49E-5BEB-49FA-867A-DB868EC9CA8A}.Release|x64.ActiveCfg = Release|x64
		{2B50F49E-5BEB-49FA-867A-DB868EC9CA8A}.Release|x64.Build.0 = Release|x64
		{CF40F1DB-F895-4FCB-8D64-E9E9104B4A86}.Debug|Any CPU.ActiveCfg = Debug|Any CPU
		{CF40F1DB-F895-4FCB-8D64-E9E9104B4A86}.Debug|Any CPU.Build.0 = Debug|Any CPU
		{CF40F1DB-F895-4FCB-8D64-E9E9104B4A86}.Debug|x64.ActiveCfg = Debug|x64
		{CF40F1DB-F895-4FCB-8D64-E9E9104B4A86}.Debug|x64.Build.0 = Debug|x64
		{CF40F1DB-F895-4FCB-8D64-E9E9104B4A86}.Release|Any CPU.ActiveCfg = Release|Any CPU
		{CF40F1DB-F895-4FCB-8D64-E9E9104B4A86}.Release|Any CPU.Build.0 = Release|Any CPU
		{CF40F1DB-F895-4FCB-8D64-E9E9104B4A86}.Release|x64.ActiveCfg = Release|x64
		{CF40F1DB-F895-4FCB-8D64-E9E9104B4A86}.Release|x64.Build.0 = Release|x64
	EndGlobalSection
	GlobalSection(SolutionProperties) = preSolution
		HideSolutionNode = FALSE
	EndGlobalSection
	GlobalSection(ExtensibilityGlobals) = postSolution
		SolutionGuid = {821A5717-080E-4A74-A835-5F48F0A98A96}
	EndGlobalSection
EndGlobal
